
Microsoft Visual Studio Solution File, Format Version 12.00
# Visual Studio 2017
Project("{FAE04EC0-301F-11D3-BF4B-00C04F79EFBC}") = "VR Application Landscape", "VR Application Landscape.csproj", "{F4395772-A2C2-E58E-FD76-8E25AC037708}"
EndProject
Project("{FAE04EC0-301F-11D3-BF4B-00C04F79EFBC}") = "VR Application Landscape.Editor", "VR Application Landscape.Editor.csproj", "{FB2944E9-3E05-AF19-B624-974BF9CBCA04}"
EndProject
Global
	GlobalSection(SolutionConfigurationPlatforms) = preSolution
		Debug|Any CPU = Debug|Any CPU
		Release|Any CPU = Release|Any CPU
	EndGlobalSection
	GlobalSection(ProjectConfigurationPlatforms) = postSolution
		{F4395772-A2C2-E58E-FD76-8E25AC037708}.Debug|Any CPU.ActiveCfg = Debug|Any CPU
		{F4395772-A2C2-E58E-FD76-8E25AC037708}.Debug|Any CPU.Build.0 = Debug|Any CPU
		{F4395772-A2C2-E58E-FD76-8E25AC037708}.Release|Any CPU.ActiveCfg = Release|Any CPU
		{F4395772-A2C2-E58E-FD76-8E25AC037708}.Release|Any CPU.Build.0 = Release|Any CPU
		{FB2944E9-3E05-AF19-B624-974BF9CBCA04}.Debug|Any CPU.ActiveCfg = Debug|Any CPU
		{FB2944E9-3E05-AF19-B624-974BF9CBCA04}.Debug|Any CPU.Build.0 = Debug|Any CPU
		{FB2944E9-3E05-AF19-B624-974BF9CBCA04}.Release|Any CPU.ActiveCfg = Release|Any CPU
		{FB2944E9-3E05-AF19-B624-974BF9CBCA04}.Release|Any CPU.Build.0 = Release|Any CPU
	EndGlobalSection
	GlobalSection(SolutionProperties) = preSolution
		HideSolutionNode = FALSE
	EndGlobalSection
EndGlobal
